
Microsoft Visual Studio Solution File, Format Version 12.00
# Visual Studio 14
VisualStudioVersion = 14.0.24720.0
MinimumVisualStudioVersion = 10.0.40219.1
Project("{FAE04EC0-301F-11D3-BF4B-00C04F79EFBC}") = "BiometricSystem", "BiometricSystem\BiometricSystem.csproj", "{AED44FFD-5A10-4E6D-B14C-AA310E57E18F}"
EndProject
Global
	GlobalSection(SolutionConfigurationPlatforms) = preSolution
		CD_ROM|Any CPU = CD_ROM|Any CPU
		Debug|Any CPU = Debug|Any CPU
		DVD-5|Any CPU = DVD-5|Any CPU
		Release|Any CPU = Release|Any CPU
		SingleImage|Any CPU = SingleImage|Any CPU
	EndGlobalSection
	GlobalSection(ProjectConfigurationPlatforms) = postSolution
		{AED44FFD-5A10-4E6D-B14C-AA310E57E18F}.CD_ROM|Any CPU.ActiveCfg = Release|Any CPU
		{AED44FFD-5A10-4E6D-B14C-AA310E57E18F}.CD_ROM|Any CPU.Build.0 = Release|Any CPU
		{AED44FFD-5A10-4E6D-B14C-AA310E57E18F}.Debug|Any CPU.ActiveCfg = Debug|Any CPU
		{AED44FFD-5A10-4E6D-B14C-AA310E57E18F}.Debug|Any CPU.Build.0 = Debug|Any CPU
		{AED44FFD-5A10-4E6D-B14C-AA310E57E18F}.DVD-5|Any CPU.ActiveCfg = Debug|Any CPU
		{AED44FFD-5A10-4E6D-B14C-AA310E57E18F}.DVD-5|Any CPU.Build.0 = Debug|Any CPU
		{AED44FFD-5A10-4E6D-B14C-AA310E57E18F}.Release|Any CPU.ActiveCfg = Release|Any CPU
		{AED44FFD-5A10-4E6D-B14C-AA310E57E18F}.Release|Any CPU.Build.0 = Release|Any CPU
		{AED44FFD-5A10-4E6D-B14C-AA310E57E18F}.SingleImage|Any CPU.ActiveCfg = Release|Any CPU
		{AED44FFD-5A10-4E6D-B14C-AA310E57E18F}.SingleImage|Any CPU.Build.0 = Release|Any CPU
	EndGlobalSection
	GlobalSection(SolutionProperties) = preSolution
		HideSolutionNode = FALSE
	EndGlobalSection
EndGlobal
